
Microsoft Visual Studio Solution File, Format Version 12.00
# Visual Studio Version 17
VisualStudioVersion = 17.14.36518.9 d17.14
MinimumVisualStudioVersion = 10.0.40219.1
Project("{FAE04EC0-301F-11D3-BF4B-00C04F79EFBC}") = "ConsoleApp1", "ConsoleApp1\ConsoleApp1.csproj", "{8FBC6963-80E3-4E93-94F6-1B2B120745FE}"
EndProject
Global
	GlobalSection(SolutionConfigurationPlatforms) = preSolution
		Debug|Any CPU = Debug|Any CPU
		Release|Any CPU = Release|Any CPU
	EndGlobalSection
	GlobalSection(ProjectConfigurationPlatforms) = postSolution
		{8FBC6963-80E3-4E93-94F6-1B2B120745FE}.Debug|Any CPU.ActiveCfg = Debug|Any CPU
		{8FBC6963-80E3-4E93-94F6-1B2B120745FE}.Debug|Any CPU.Build.0 = Debug|Any CPU
		{8FBC6963-80E3-4E93-94F6-1B2B120745FE}.Release|Any CPU.ActiveCfg = Release|Any CPU
		{8FBC6963-80E3-4E93-94F6-1B2B120745FE}.Release|Any CPU.Build.0 = Release|Any CPU
	EndGlobalSection
	GlobalSection(SolutionProperties) = preSolution
		HideSolutionNode = FALSE
	EndGlobalSection
	GlobalSection(ExtensibilityGlobals) = postSolution
		SolutionGuid = {CCA3A5AD-933C-4F1A-90C7-F50D1C9BF6AB}
	EndGlobalSection
EndGlobal
