
Microsoft Visual Studio Solution File, Format Version 12.00
# Visual Studio Version 17
VisualStudioVersion = 17.14.36518.9 d17.14
MinimumVisualStudioVersion = 10.0.40219.1
Project("{FAE04EC0-301F-11D3-BF4B-00C04F79EFBC}") = "THSR.Api", "THSR.Api\THSR.Api.csproj", "{0D3E126C-9792-420C-92C5-007F47E4880D}"
EndProject
Global
	GlobalSection(SolutionConfigurationPlatforms) = preSolution
		Debug|Any CPU = Debug|Any CPU
		Release|Any CPU = Release|Any CPU
	EndGlobalSection
	GlobalSection(ProjectConfigurationPlatforms) = postSolution
		{0D3E126C-9792-420C-92C5-007F47E4880D}.Debug|Any CPU.ActiveCfg = Debug|Any CPU
		{0D3E126C-9792-420C-92C5-007F47E4880D}.Debug|Any CPU.Build.0 = Debug|Any CPU
		{0D3E126C-9792-420C-92C5-007F47E4880D}.Release|Any CPU.ActiveCfg = Release|Any CPU
		{0D3E126C-9792-420C-92C5-007F47E4880D}.Release|Any CPU.Build.0 = Release|Any CPU
	EndGlobalSection
	GlobalSection(SolutionProperties) = preSolution
		HideSolutionNode = FALSE
	EndGlobalSection
	GlobalSection(ExtensibilityGlobals) = postSolution
		SolutionGuid = {6CB991CC-D1EC-4DB4-8526-91FCC9F1CA68}
	EndGlobalSection
EndGlobal
